# THIS IS AN AUTOGENERATED FILE. DO NOT EDIT THIS FILE DIRECTLY.
# yarn lockfile v1


"@types/node@^14.14.31":
  version "14.18.48"
  resolved "https://registry.yarnpkg.com/@types/node/-/node-14.18.48.tgz#ee5c7ac6e38fd2a9e6885f15c003464cf2da343c"
  integrity sha512-iL0PIMwejpmuVHgfibHpfDwOdsbmB50wr21X71VnF5d7SsBF7WK+ZvP/SCcFm7Iwb9iiYSap9rlrdhToNAWdxg==

gpt-3-encoder@1.1.4:
  version "1.1.4"
  resolved "https://registry.yarnpkg.com/gpt-3-encoder/-/gpt-3-encoder-1.1.4.tgz#d6cdaacf5824857e133b6065247c757fc7e4fa72"
  integrity sha512-fSQRePV+HUAhCn7+7HL7lNIXNm6eaFWFbNLOOGtmSJ0qJycyQvj60OvRlH7mee8xAMjBDNRdMXlMwjAbMTDjkg==

yaml@^1.10.0:
  version "1.10.2"
  resolved "https://registry.yarnpkg.com/yaml/-/yaml-1.10.2.tgz#2301c5ffbf12b467de8da2333a459e29e7920e4b"
  integrity sha512-r3vXyErRCYJ7wg28yvBY5VSoAF8ZvlcW9/BwUzEtUsjvX/DKs24dIkuwjtuprwJJHsbyUbLApepYTR1BN4uHrg==
